
Microsoft Visual Studio Solution File, Format Version 12.00
# Visual Studio Version 17
VisualStudioVersion = 17.12.35527.113 d17.12
MinimumVisualStudioVersion = 10.0.40219.1
Project("{FAE04EC0-301F-11D3-BF4B-00C04F79EFBC}") = "PaymentApi.Server.ApiKey", "PaymentApi.Server.ApiKey\PaymentApi.Server.ApiKey.csproj", "{29B20F03-88A0-477C-9C99-9382CF8A8455}"
EndProject
Project("{FAE04EC0-301F-11D3-BF4B-00C04F79EFBC}") = "PaymentApi.Client", "PaymentApi.Client\PaymentApi.Client.csproj", "{9B7E2022-7502-44EC-B183-C0E54E55EE55}"
EndProject
Project("{FAE04EC0-301F-11D3-BF4B-00C04F79EFBC}") = "Payment.Console", "Payment.Console\Payment.Console.csproj", "{FE25839E-7E34-4E38-B7E3-95BAC8C27603}"
EndProject
Project("{FAE04EC0-301F-11D3-BF4B-00C04F79EFBC}") = "PaymentApi.Server.BasicAuth", "PaymentApi.Server.BasicAuth\PaymentApi.Server.BasicAuth.csproj", "{BFB9AB47-C514-4BFF-934C-C71A35250C90}"
EndProject
Project("{FAE04EC0-301F-11D3-BF4B-00C04F79EFBC}") = "PaymentApi.Server.JWTAuth", "PaymentApi.Server.JWTAuth\PaymentApi.Server.JWTAuth.csproj", "{B46C306D-3130-42C4-AFE4-04C3BB2C2710}"
EndProject
Global
	GlobalSection(SolutionConfigurationPlatforms) = preSolution
		Debug|Any CPU = Debug|Any CPU
		Release|Any CPU = Release|Any CPU
	EndGlobalSection
	GlobalSection(ProjectConfigurationPlatforms) = postSolution
		{29B20F03-88A0-477C-9C99-9382CF8A8455}.Debug|Any CPU.ActiveCfg = Debug|Any CPU
		{29B20F03-88A0-477C-9C99-9382CF8A8455}.Debug|Any CPU.Build.0 = Debug|Any CPU
		{29B20F03-88A0-477C-9C99-9382CF8A8455}.Release|Any CPU.ActiveCfg = Release|Any CPU
		{29B20F03-88A0-477C-9C99-9382CF8A8455}.Release|Any CPU.Build.0 = Release|Any CPU
		{9B7E2022-7502-44EC-B183-C0E54E55EE55}.Debug|Any CPU.ActiveCfg = Debug|Any CPU
		{9B7E2022-7502-44EC-B183-C0E54E55EE55}.Debug|Any CPU.Build.0 = Debug|Any CPU
		{9B7E2022-7502-44EC-B183-C0E54E55EE55}.Release|Any CPU.ActiveCfg = Release|Any CPU
		{9B7E2022-7502-44EC-B183-C0E54E55EE55}.Release|Any CPU.Build.0 = Release|Any CPU
		{FE25839E-7E34-4E38-B7E3-95BAC8C27603}.Debug|Any CPU.ActiveCfg = Debug|Any CPU
		{FE25839E-7E34-4E38-B7E3-95BAC8C27603}.Debug|Any CPU.Build.0 = Debug|Any CPU
		{FE25839E-7E34-4E38-B7E3-95BAC8C27603}.Release|Any CPU.ActiveCfg = Release|Any CPU
		{FE25839E-7E34-4E38-B7E3-95BAC8C27603}.Release|Any CPU.Build.0 = Release|Any CPU
		{BFB9AB47-C514-4BFF-934C-C71A35250C90}.Debug|Any CPU.ActiveCfg = Debug|Any CPU
		{BFB9AB47-C514-4BFF-934C-C71A35250C90}.Debug|Any CPU.Build.0 = Debug|Any CPU
		{BFB9AB47-C514-4BFF-934C-C71A35250C90}.Release|Any CPU.ActiveCfg = Release|Any CPU
		{BFB9AB47-C514-4BFF-934C-C71A35250C90}.Release|Any CPU.Build.0 = Release|Any CPU
		{B46C306D-3130-42C4-AFE4-04C3BB2C2710}.Debug|Any CPU.ActiveCfg = Debug|Any CPU
		{B46C306D-3130-42C4-AFE4-04C3BB2C2710}.Debug|Any CPU.Build.0 = Debug|Any CPU
		{B46C306D-3130-42C4-AFE4-04C3BB2C2710}.Release|Any CPU.ActiveCfg = Release|Any CPU
		{B46C306D-3130-42C4-AFE4-04C3BB2C2710}.Release|Any CPU.Build.0 = Release|Any CPU
	EndGlobalSection
	GlobalSection(SolutionProperties) = preSolution
		HideSolutionNode = FALSE
	EndGlobalSection
EndGlobal
